// !$*UTF8*$!
{
	archiveVersion = 1;
	classes = {
	};
	objectVersion = 55;
	objects = {

/* Begin PBXBuildFile section */
		3911E1A228CFCE510061C10F /* AppDelegate.swift in Sources */ = {isa = PBXBuildFile; fileRef = 3911E1A128CFCE510061C10F /* AppDelegate.swift */; };
		3911E1A428CFCE510061C10F /* SceneDelegate.swift in Sources */ = {isa = PBXBuildFile; fileRef = 3911E1A328CFCE510061C10F /* SceneDelegate.swift */; };
		3911E1A628CFCE510061C10F /* MoviesViewController.swift in Sources */ = {isa = PBXBuildFile; fileRef = 3911E1A528CFCE510061C10F /* MoviesViewController.swift */; };
		3911E1A928CFCE510061C10F /* Main.storyboard in Resources */ = {isa = PBXBuildFile; fileRef = 3911E1A728CFCE510061C10F /* Main.storyboard */; };
		3911E1AB28CFCE570061C10F /* Assets.xcassets in Resources */ = {isa = PBXBuildFile; fileRef = 3911E1AA28CFCE570061C10F /* Assets.xcassets */; };
		3911E1AE28CFCE570061C10F /* LaunchScreen.storyboard in Resources */ = {isa = PBXBuildFile; fileRef = 3911E1AC28CFCE570061C10F /* LaunchScreen.storyboard */; };
		3911E1B928CFCE580061C10F /* TipsterTests.swift in Sources */ = {isa = PBXBuildFile; fileRef = 3911E1B828CFCE580061C10F /* TipsterTests.swift */; };
		3911E1C328CFCE580061C10F /* TipsterUITests.swift in Sources */ = {isa = PBXBuildFile; fileRef = 3911E1C228CFCE580061C10F /* TipsterUITests.swift */; };
		3911E1C528CFCE580061C10F /* TipsterUITestsLaunchTests.swift in Sources */ = {isa = PBXBuildFile; fileRef = 3911E1C428CFCE580061C10F /* TipsterUITestsLaunchTests.swift */; };
		3911E1D228CFD69A0061C10F /* MovieCell.swift in Sources */ = {isa = PBXBuildFile; fileRef = 3911E1D128CFD69A0061C10F /* MovieCell.swift */; };
		3949768628CFDD6A0054EC57 /* AlamofireImage in Frameworks */ = {isa = PBXBuildFile; productRef = 3949768528CFDD6A0054EC57 /* AlamofireImage */; };
		39692FF128D2E24D008BA278 /* MovieDetailViewController.swift in Sources */ = {isa = PBXBuildFile; fileRef = 39692FF028D2E24D008BA278 /* MovieDetailViewController.swift */; };
		39692FF328D3C4B9008BA278 /* MovieGridViewController.swift in Sources */ = {isa = PBXBuildFile; fileRef = 39692FF228D3C4B9008BA278 /* MovieGridViewController.swift */; };
		39692FF528D413D1008BA278 /* MovieGridCell.swift in Sources */ = {isa = PBXBuildFile; fileRef = 39692FF428D413D1008BA278 /* MovieGridCell.swift */; };
		5F27CE694E227337D69C335A /* Pods_Tipster_TipsterUITests.framework in Frameworks */ = {isa = PBXBuildFile; fileRef = A6945E1218AF5C2B848008EB /* Pods_Tipster_TipsterUITests.framework */; };
		64689F03A168F4FD7AF0B193 /* Pods_Tipster.framework in Frameworks */ = {isa = PBXBuildFile; fileRef = 07288AA089F073B244114662 /* Pods_Tipster.framework */; };
		D1F7C624565D406F12934715 /* Pods_TipsterTests.framework in Frameworks */ = {isa = PBXBuildFile; fileRef = EF2449C44A7901B2BB979DF0 /* Pods_TipsterTests.framework */; };
/* End PBXBuildFile section */

/* Begin PBXContainerItemProxy section */
		3911E1B528CFCE580061C10F /* PBXContainerItemProxy */ = {
			isa = PBXContainerItemProxy;
			containerPortal = 3911E19628CFCE510061C10F /* Project object */;
			proxyType = 1;
			remoteGlobalIDString = 3911E19D28CFCE510061C10F;
			remoteInfo = Tipster;
		};
		3911E1BF28CFCE580061C10F /* PBXContainerItemProxy */ = {
			isa = PBXContainerItemProxy;
			containerPortal = 3911E19628CFCE510061C10F /* Project object */;
			proxyType = 1;
			remoteGlobalIDString = 3911E19D28CFCE510061C10F;
			remoteInfo = Tipster;
		};
/* End PBXContainerItemProxy section */

/* Begin PBXFileReference section */
		07288AA089F073B244114662 /* Pods_Tipster.framework */ = {isa = PBXFileReference; explicitFileType = wrapper.framework; includeInIndex = 0; path = Pods_Tipster.framework; sourceTree = BUILT_PRODUCTS_DIR; };
		3911E19E28CFCE510061C10F /* Tipster.app */ = {isa = PBXFileReference; explicitFileType = wrapper.application; includeInIndex = 0; path = Tipster.app; sourceTree = BUILT_PRODUCTS_DIR; };
		3911E1A128CFCE510061C10F /* AppDelegate.swift */ = {isa = PBXFileReference; lastKnownFileType = sourcecode.swift; path = AppDelegate.swift; sourceTree = "<group>"; };
		3911E1A328CFCE510061C10F /* SceneDelegate.swift */ = {isa = PBXFileReference; lastKnownFileType = sourcecode.swift; path = SceneDelegate.swift; sourceTree = "<group>"; };
		3911E1A528CFCE510061C10F /* MoviesViewController.swift */ = {isa = PBXFileReference; lastKnownFileType = sourcecode.swift; path = MoviesViewController.swift; sourceTree = "<group>"; };
		3911E1A828CFCE510061C10F /* Base */ = {isa = PBXFileReference; lastKnownFileType = file.storyboard; name = Base; path = Base.lproj/Main.storyboard; sourceTree = "<group>"; };
		3911E1AA28CFCE570061C10F /* Assets.xcassets */ = {isa = PBXFileReference; lastKnownFileType = folder.assetcatalog; path = Assets.xcassets; sourceTree = "<group>"; };
		3911E1AD28CFCE570061C10F /* Base */ = {isa = PBXFileReference; lastKnownFileType = file.storyboard; name = Base; path = Base.lproj/LaunchScreen.storyboard; sourceTree = "<group>"; };
		3911E1AF28CFCE570061C10F /* Info.plist */ = {isa = PBXFileReference; lastKnownFileType = text.plist.xml; path = Info.plist; sourceTree = "<group>"; };
		3911E1B428CFCE580061C10F /* TipsterTests.xctest */ = {isa = PBXFileReference; explicitFileType = wrapper.cfbundle; includeInIndex = 0; path = TipsterTests.xctest; sourceTree = BUILT_PRODUCTS_DIR; };
		3911E1B828CFCE580061C10F /* TipsterTests.swift */ = {isa = PBXFileReference; lastKnownFileType = sourcecode.swift; path = TipsterTests.swift; sourceTree = "<group>"; };
		3911E1BE28CFCE580061C10F /* TipsterUITests.xctest */ = {isa = PBXFileReference; explicitFileType = wrapper.cfbundle; includeInIndex = 0; path = TipsterUITests.xctest; sourceTree = BUILT_PRODUCTS_DIR; };
		3911E1C228CFCE580061C10F /* TipsterUITests.swift */ = {isa = PBXFileReference; lastKnownFileType = sourcecode.swift; path = TipsterUITests.swift; sourceTree = "<group>"; };
		3911E1C428CFCE580061C10F /* TipsterUITestsLaunchTests.swift */ = {isa = PBXFileReference; lastKnownFileType = sourcecode.swift; path = TipsterUITestsLaunchTests.swift; sourceTree = "<group>"; };
		3911E1D128CFD69A0061C10F /* MovieCell.swift */ = {isa = PBXFileReference; lastKnownFileType = sourcecode.swift; path = MovieCell.swift; sourceTree = "<group>"; };
		39692FF028D2E24D008BA278 /* MovieDetailViewController.swift */ = {isa = PBXFileReference; lastKnownFileType = sourcecode.swift; path = MovieDetailViewController.swift; sourceTree = "<group>"; };
		39692FF228D3C4B9008BA278 /* MovieGridViewController.swift */ = {isa = PBXFileReference; lastKnownFileType = sourcecode.swift; path = MovieGridViewController.swift; sourceTree = "<group>"; };
		39692FF428D413D1008BA278 /* MovieGridCell.swift */ = {isa = PBXFileReference; lastKnownFileType = sourcecode.swift; path = MovieGridCell.swift; sourceTree = "<group>"; };
		4056AF38CA25C2898EC15665 /* Pods-Tipster.debug.xcconfig */ = {isa = PBXFileReference; includeInIndex = 1; lastKnownFileType = text.xcconfig; name = "Pods-Tipster.debug.xcconfig"; path = "Target Support Files/Pods-Tipster/Pods-Tipster.debug.xcconfig"; sourceTree = "<group>"; };
		76F10B33420A55A91CD52CB2 /* Pods-Tipster.release.xcconfig */ = {isa = PBXFileReference; includeInIndex = 1; lastKnownFileType = text.xcconfig; name = "Pods-Tipster.release.xcconfig"; path = "Target Support Files/Pods-Tipster/Pods-Tipster.release.xcconfig"; sourceTree = "<group>"; };
		84FED342A4783735254E75DB /* Pods-Tipster-TipsterUITests.debug.xcconfig */ = {isa = PBXFileReference; includeInIndex = 1; lastKnownFileType = text.xcconfig; name = "Pods-Tipster-TipsterUITests.debug.xcconfig"; path = "Target Support Files/Pods-Tipster-TipsterUITests/Pods-Tipster-TipsterUITests.debug.xcconfig"; sourceTree = "<group>"; };
		A6945E1218AF5C2B848008EB /* Pods_Tipster_TipsterUITests.framework */ = {isa = PBXFileReference; explicitFileType = wrapper.framework; includeInIndex = 0; path = Pods_Tipster_TipsterUITests.framework; sourceTree = BUILT_PRODUCTS_DIR; };
		A6FD8521050185AEBEB5EDE8 /* Pods-TipsterTests.debug.xcconfig */ = {isa = PBXFileReference; includeInIndex = 1; lastKnownFileType = text.xcconfig; name = "Pods-TipsterTests.debug.xcconfig"; path = "Target Support Files/Pods-TipsterTests/Pods-TipsterTests.debug.xcconfig"; sourceTree = "<group>"; };
		B2779D32C3E4C46DAEC0A28B /* Pods-TipsterTests.release.xcconfig */ = {isa = PBXFileReference; includeInIndex = 1; lastKnownFileType = text.xcconfig; name = "Pods-TipsterTests.release.xcconfig"; path = "Target Support Files/Pods-TipsterTests/Pods-TipsterTests.release.xcconfig"; sourceTree = "<group>"; };
		C87B52473307CAC35EEB4AFE /* Pods-Tipster-TipsterUITests.release.xcconfig */ = {isa = PBXFileReference; includeInIndex = 1; lastKnownFileType = text.xcconfig; name = "Pods-Tipster-TipsterUITests.release.xcconfig"; path = "Target Support Files/Pods-Tipster-TipsterUITests/Pods-Tipster-TipsterUITests.release.xcconfig"; sourceTree = "<group>"; };
		EF2449C44A7901B2BB979DF0 /* Pods_TipsterTests.framework */ = {isa = PBXFileReference; explicitFileType = wrapper.framework; includeInIndex = 0; path = Pods_TipsterTests.framework; sourceTree = BUILT_PRODUCTS_DIR; };
/* End PBXFileReference section */

/* Begin PBXFrameworksBuildPhase section */
		3911E19B28CFCE510061C10F /* Frameworks */ = {
			isa = PBXFrameworksBuildPhase;
			buildActionMask = 2147483647;
			files = (
				3949768628CFDD6A0054EC57 /* AlamofireImage in Frameworks */,
				64689F03A168F4FD7AF0B193 /* Pods_Tipster.framework in Frameworks */,
			);
			runOnlyForDeploymentPostprocessing = 0;
		};
		3911E1B128CFCE580061C10F /* Frameworks */ = {
			isa = PBXFrameworksBuildPhase;
			buildActionMask = 2147483647;
			files = (
				D1F7C624565D406F12934715 /* Pods_TipsterTests.framework in Frameworks */,
			);
			runOnlyForDeploymentPostprocessing = 0;
		};
		3911E1BB28CFCE580061C10F /* Frameworks */ = {
			isa = PBXFrameworksBuildPhase;
			buildActionMask = 2147483647;
			files = (
				5F27CE694E227337D69C335A /* Pods_Tipster_TipsterUITests.framework in Frameworks */,
			);
			runOnlyForDeploymentPostprocessing = 0;
		};
/* End PBXFrameworksBuildPhase section */

/* Begin PBXGroup section */
		3911E19528CFCE510061C10F = {
			isa = PBXGroup;
			children = (
				3911E1A028CFCE510061C10F /* Tipster */,
				3911E1B728CFCE580061C10F /* TipsterTests */,
				3911E1C128CFCE580061C10F /* TipsterUITests */,
				3911E19F28CFCE510061C10F /* Products */,
				7EB1C7DDA67801D4DD604E45 /* Pods */,
				DEC0CD4030C336231A1AAB4A /* Frameworks */,
			);
			sourceTree = "<group>";
		};
		3911E19F28CFCE510061C10F /* Products */ = {
			isa = PBXGroup;
			children = (
				3911E19E28CFCE510061C10F /* Tipster.app */,
				3911E1B428CFCE580061C10F /* TipsterTests.xctest */,
				3911E1BE28CFCE580061C10F /* TipsterUITests.xctest */,
			);
			name = Products;
			sourceTree = "<group>";
		};
		3911E1A028CFCE510061C10F /* Tipster */ = {
			isa = PBXGroup;
			children = (
				3911E1A128CFCE510061C10F /* AppDelegate.swift */,
				3911E1A328CFCE510061C10F /* SceneDelegate.swift */,
				3911E1A528CFCE510061C10F /* MoviesViewController.swift */,
				3911E1D128CFD69A0061C10F /* MovieCell.swift */,
				3911E1A728CFCE510061C10F /* Main.storyboard */,
				39692FF428D413D1008BA278 /* MovieGridCell.swift */,
				39692FF228D3C4B9008BA278 /* MovieGridViewController.swift */,
				39692FF028D2E24D008BA278 /* MovieDetailViewController.swift */,
				3911E1AA28CFCE570061C10F /* Assets.xcassets */,
				3911E1AC28CFCE570061C10F /* LaunchScreen.storyboard */,
				3911E1AF28CFCE570061C10F /* Info.plist */,
			);
			path = Tipster;
			sourceTree = "<group>";
		};
		3911E1B728CFCE580061C10F /* TipsterTests */ = {
			isa = PBXGroup;
			children = (
				3911E1B828CFCE580061C10F /* TipsterTests.swift */,
			);
			path = TipsterTests;
			sourceTree = "<group>";
		};
		3911E1C128CFCE580061C10F /* TipsterUITests */ = {
			isa = PBXGroup;
			children = (
				3911E1C228CFCE580061C10F /* TipsterUITests.swift */,
				3911E1C428CFCE580061C10F /* TipsterUITestsLaunchTests.swift */,
			);
			path = TipsterUITests;
			sourceTree = "<group>";
		};
		7EB1C7DDA67801D4DD604E45 /* Pods */ = {
			isa = PBXGroup;
			children = (
				4056AF38CA25C2898EC15665 /* Pods-Tipster.debug.xcconfig */,
				76F10B33420A55A91CD52CB2 /* Pods-Tipster.release.xcconfig */,
				84FED342A4783735254E75DB /* Pods-Tipster-TipsterUITests.debug.xcconfig */,
				C87B52473307CAC35EEB4AFE /* Pods-Tipster-TipsterUITests.release.xcconfig */,
				A6FD8521050185AEBEB5EDE8 /* Pods-TipsterTests.debug.xcconfig */,
				B2779D32C3E4C46DAEC0A28B /* Pods-TipsterTests.release.xcconfig */,
			);
			path = Pods;
			sourceTree = "<group>";
		};
		DEC0CD4030C336231A1AAB4A /* Frameworks */ = {
			isa = PBXGroup;
			children = (
				07288AA089F073B244114662 /* Pods_Tipster.framework */,
				A6945E1218AF5C2B848008EB /* Pods_Tipster_TipsterUITests.framework */,
				EF2449C44A7901B2BB979DF0 /* Pods_TipsterTests.framework */,
			);
			name = Frameworks;
			sourceTree = "<group>";
		};
/* End PBXGroup section */

/* Begin PBXNativeTarget section */
		3911E19D28CFCE510061C10F /* Tipster */ = {
			isa = PBXNativeTarget;
			buildConfigurationList = 3911E1C828CFCE580061C10F /* Build configuration list for PBXNativeTarget "Tipster" */;
			buildPhases = (
				F055059B97CA5A37A6D6CAB3 /* [CP] Check Pods Manifest.lock */,
				3911E19A28CFCE510061C10F /* Sources */,
				3911E19B28CFCE510061C10F /* Frameworks */,
				3911E19C28CFCE510061C10F /* Resources */,
				AEE249B64EB2DE02C9593124 /* [CP] Embed Pods Frameworks */,
			);
			buildRules = (
			);
			dependencies = (
			);
			name = Tipster;
			packageProductDependencies = (
				3949768528CFDD6A0054EC57 /* AlamofireImage */,
			);
			productName = Tipster;
			productReference = 3911E19E28CFCE510061C10F /* Tipster.app */;
			productType = "com.apple.product-type.application";
		};
		3911E1B328CFCE580061C10F /* TipsterTests */ = {
			isa = PBXNativeTarget;
			buildConfigurationList = 3911E1CB28CFCE580061C10F /* Build configuration list for PBXNativeTarget "TipsterTests" */;
			buildPhases = (
				7E105CBADA728D4392823132 /* [CP] Check Pods Manifest.lock */,
				3911E1B028CFCE580061C10F /* Sources */,
				3911E1B128CFCE580061C10F /* Frameworks */,
				3911E1B228CFCE580061C10F /* Resources */,
			);
			buildRules = (
			);
			dependencies = (
				3911E1B628CFCE580061C10F /* PBXTargetDependency */,
			);
			name = TipsterTests;
			productName = TipsterTests;
			productReference = 3911E1B428CFCE580061C10F /* TipsterTests.xctest */;
			productType = "com.apple.product-type.bundle.unit-test";
		};
		3911E1BD28CFCE580061C10F /* TipsterUITests */ = {
			isa = PBXNativeTarget;
			buildConfigurationList = 3911E1CE28CFCE580061C10F /* Build configuration list for PBXNativeTarget "TipsterUITests" */;
			buildPhases = (
				04DE6FFE6BA69732CFAD82F8 /* [CP] Check Pods Manifest.lock */,
				3911E1BA28CFCE580061C10F /* Sources */,
				3911E1BB28CFCE580061C10F /* Frameworks */,
				3911E1BC28CFCE580061C10F /* Resources */,
				B6273D4ED85C03F2CE7251C1 /* [CP] Embed Pods Frameworks */,
			);
			buildRules = (
			);
			dependencies = (
				3911E1C028CFCE580061C10F /* PBXTargetDependency */,
			);
			name = TipsterUITests;
			productName = TipsterUITests;
			productReference = 3911E1BE28CFCE580061C10F /* TipsterUITests.xctest */;
			productType = "com.apple.product-type.bundle.ui-testing";
		};
/* End PBXNativeTarget section */

/* Begin PBXProject section */
		3911E19628CFCE510061C10F /* Project object */ = {
			isa = PBXProject;
			attributes = {
				BuildIndependentTargetsInParallel = 1;
				LastSwiftUpdateCheck = 1340;
				LastUpgradeCheck = 1340;
				TargetAttributes = {
					3911E19D28CFCE510061C10F = {
						CreatedOnToolsVersion = 13.4.1;
					};
					3911E1B328CFCE580061C10F = {
						CreatedOnToolsVersion = 13.4.1;
						TestTargetID = 3911E19D28CFCE510061C10F;
					};
					3911E1BD28CFCE580061C10F = {
						CreatedOnToolsVersion = 13.4.1;
						TestTargetID = 3911E19D28CFCE510061C10F;
					};
				};
			};
			buildConfigurationList = 3911E19928CFCE510061C10F /* Build configuration list for PBXProject "Tipster" */;
			compatibilityVersion = "Xcode 13.0";
			developmentRegion = en;
			hasScannedForEncodings = 0;
			knownRegions = (
				en,
				Base,
			);
			mainGroup = 3911E19528CFCE510061C10F;
			packageReferences = (
				3949768428CFDD6A0054EC57 /* XCRemoteSwiftPackageReference "AlamofireImage" */,
			);
			productRefGroup = 3911E19F28CFCE510061C10F /* Products */;
			projectDirPath = "";
			projectRoot = "";
			targets = (
				3911E19D28CFCE510061C10F /* Tipster */,
				3911E1B328CFCE580061C10F /* TipsterTests */,
				3911E1BD28CFCE580061C10F /* TipsterUITests */,
			);
		};
/* End PBXProject section */

/* Begin PBXResourcesBuildPhase section */
		3911E19C28CFCE510061C10F /* Resources */ = {
			isa = PBXResourcesBuildPhase;
			buildActionMask = 2147483647;
			files = (
				3911E1AE28CFCE570061C10F /* LaunchScreen.storyboard in Resources */,
				3911E1AB28CFCE570061C10F /* Assets.xcassets in Resources */,
				3911E1A928CFCE510061C10F /* Main.storyboard in Resources */,
			);
			runOnlyForDeploymentPostprocessing = 0;
		};
		3911E1B228CFCE580061C10F /* Resources */ = {
			isa = PBXResourcesBuildPhase;
			buildActionMask = 2147483647;
			files = (
			);
			runOnlyForDeploymentPostprocessing = 0;
		};
		3911E1BC28CFCE580061C10F /* Resources */ = {
			isa = PBXResourcesBuildPhase;
			buildActionMask = 2147483647;
			files = (
			);
			runOnlyForDeploymentPostprocessing = 0;
		};
/* End PBXResourcesBuildPhase section */

/* Begin PBXShellScriptBuildPhase section */
		04DE6FFE6BA69732CFAD82F8 /* [CP] Check Pods Manifest.lock */ = {
			isa = PBXShellScriptBuildPhase;
			buildActionMask = 2147483647;
			files = (
			);
			inputFileListPaths = (
			);
			inputPaths = (
				"${PODS_PODFILE_DIR_PATH}/Podfile.lock",
				"${PODS_ROOT}/Manifest.lock",
			);
			name = "[CP] Check Pods Manifest.lock";
			outputFileListPaths = (
			);
			outputPaths = (
				"$(DERIVED_FILE_DIR)/Pods-Tipster-TipsterUITests-checkManifestLockResult.txt",
			);
			runOnlyForDeploymentPostprocessing = 0;
			shellPath = /bin/sh;
			shellScript = "diff \"${PODS_PODFILE_DIR_PATH}/Podfile.lock\" \"${PODS_ROOT}/Manifest.lock\" > /dev/null\nif [ $? != 0 ] ; then\n    # print error to STDERR\n    echo \"error: The sandbox is not in sync with the Podfile.lock. Run 'pod install' or update your CocoaPods installation.\" >&2\n    exit 1\nfi\n# This output is used by Xcode 'outputs' to avoid re-running this script phase.\necho \"SUCCESS\" > \"${SCRIPT_OUTPUT_FILE_0}\"\n";
			showEnvVarsInLog = 0;
		};
		7E105CBADA728D4392823132 /* [CP] Check Pods Manifest.lock */ = {
			isa = PBXShellScriptBuildPhase;
			buildActionMask = 2147483647;
			files = (
			);
			inputFileListPaths = (
			);
			inputPaths = (
				"${PODS_PODFILE_DIR_PATH}/Podfile.lock",
				"${PODS_ROOT}/Manifest.lock",
			);
			name = "[CP] Check Pods Manifest.lock";
			outputFileListPaths = (
			);
			outputPaths = (
				"$(DERIVED_FILE_DIR)/Pods-TipsterTests-checkManifestLockResult.txt",
			);
			runOnlyForDeploymentPostprocessing = 0;
			shellPath = /bin/sh;
			shellScript = "diff \"${PODS_PODFILE_DIR_PATH}/Podfile.lock\" \"${PODS_ROOT}/Manifest.lock\" > /dev/null\nif [ $? != 0 ] ; then\n    # print error to STDERR\n    echo \"error: The sandbox is not in sync with the Podfile.lock. Run 'pod install' or update your CocoaPods installation.\" >&2\n    exit 1\nfi\n# This output is used by Xcode 'outputs' to avoid re-running this script phase.\necho \"SUCCESS\" > \"${SCRIPT_OUTPUT_FILE_0}\"\n";
			showEnvVarsInLog = 0;
		};
		AEE249B64EB2DE02C9593124 /* [CP] Embed Pods Frameworks */ = {
			isa = PBXShellScriptBuildPhase;
			buildActionMask = 2147483647;
			files = (
			);
			inputFileListPaths = (
				"${PODS_ROOT}/Target Support Files/Pods-Tipster/Pods-Tipster-frameworks-${CONFIGURATION}-input-files.xcfilelist",
			);
			name = "[CP] Embed Pods Frameworks";
			outputFileListPaths = (
				"${PODS_ROOT}/Target Support Files/Pods-Tipster/Pods-Tipster-frameworks-${CONFIGURATION}-output-files.xcfilelist",
			);
			runOnlyForDeploymentPostprocessing = 0;
			shellPath = /bin/sh;
			shellScript = "\"${PODS_ROOT}/Target Support Files/Pods-Tipster/Pods-Tipster-frameworks.sh\"\n";
			showEnvVarsInLog = 0;
		};
		B6273D4ED85C03F2CE7251C1 /* [CP] Embed Pods Frameworks */ = {
			isa = PBXShellScriptBuildPhase;
			buildActionMask = 2147483647;
			files = (
			);
			inputFileListPaths = (
				"${PODS_ROOT}/Target Support Files/Pods-Tipster-TipsterUITests/Pods-Tipster-TipsterUITests-frameworks-${CONFIGURATION}-input-files.xcfilelist",
			);
			name = "[CP] Embed Pods Frameworks";
			outputFileListPaths = (
				"${PODS_ROOT}/Target Support Files/Pods-Tipster-TipsterUITests/Pods-Tipster-TipsterUITests-frameworks-${CONFIGURATION}-output-files.xcfilelist",
			);
			runOnlyForDeploymentPostprocessing = 0;
			shellPath = /bin/sh;
			shellScript = "\"${PODS_ROOT}/Target Support Files/Pods-Tipster-TipsterUITests/Pods-Tipster-TipsterUITests-frameworks.sh\"\n";
			showEnvVarsInLog = 0;
		};
		F055059B97CA5A37A6D6CAB3 /* [CP] Check Pods Manifest.lock */ = {
			isa = PBXShellScriptBuildPhase;
			buildActionMask = 2147483647;
			files = (
			);
			inputFileListPaths = (
			);
			inputPaths = (
				"${PODS_PODFILE_DIR_PATH}/Podfile.lock",
				"${PODS_ROOT}/Manifest.lock",
			);
			name = "[CP] Check Pods Manifest.lock";
			outputFileListPaths = (
			);
			outputPaths = (
				"$(DERIVED_FILE_DIR)/Pods-Tipster-checkManifestLockResult.txt",
			);
			runOnlyForDeploymentPostprocessing = 0;
			shellPath = /bin/sh;
			shellScript = "diff \"${PODS_PODFILE_DIR_PATH}/Podfile.lock\" \"${PODS_ROOT}/Manifest.lock\" > /dev/null\nif [ $? != 0 ] ; then\n    # print error to STDERR\n    echo \"error: The sandbox is not in sync with the Podfile.lock. Run 'pod install' or update your CocoaPods installation.\" >&2\n    exit 1\nfi\n# This output is used by Xcode 'outputs' to avoid re-running this script phase.\necho \"SUCCESS\" > \"${SCRIPT_OUTPUT_FILE_0}\"\n";
			showEnvVarsInLog = 0;
		};
/* End PBXShellScriptBuildPhase section */

/* Begin PBXSourcesBuildPhase section */
		3911E19A28CFCE510061C10F /* Sources */ = {
			isa = PBXSourcesBuildPhase;
			buildActionMask = 2147483647;
			files = (
				3911E1A628CFCE510061C10F /* MoviesViewController.swift in Sources */,
				39692FF128D2E24D008BA278 /* MovieDetailViewController.swift in Sources */,
				3911E1A228CFCE510061C10F /* AppDelegate.swift in Sources */,
				3911E1D228CFD69A0061C10F /* MovieCell.swift in Sources */,
				3911E1A428CFCE510061C10F /* SceneDelegate.swift in Sources */,
				39692FF328D3C4B9008BA278 /* MovieGridViewController.swift in Sources */,
				39692FF528D413D1008BA278 /* MovieGridCell.swift in Sources */,
			);
			runOnlyForDeploymentPostprocessing = 0;
		};
		3911E1B028CFCE580061C10F /* Sources */ = {
			isa = PBXSourcesBuildPhase;
			buildActionMask = 2147483647;
			files = (
				3911E1B928CFCE580061C10F /* TipsterTests.swift in Sources */,
			);
			runOnlyForDeploymentPostprocessing = 0;
		};
		3911E1BA28CFCE580061C10F /* Sources */ = {
			isa = PBXSourcesBuildPhase;
			buildActionMask = 2147483647;
			files = (
				3911E1C528CFCE580061C10F /* TipsterUITestsLaunchTests.swift in Sources */,
				3911E1C328CFCE580061C10F /* TipsterUITests.swift in Sources */,
			);
			runOnlyForDeploymentPostprocessing = 0;
		};
/* End PBXSourcesBuildPhase section */

/* Begin PBXTargetDependency section */
		3911E1B628CFCE580061C10F /* PBXTargetDependency */ = {
			isa = PBXTargetDependency;
			target = 3911E19D28CFCE510061C10F /* Tipster */;
			targetProxy = 3911E1B528CFCE580061C10F /* PBXContainerItemProxy */;
		};
		3911E1C028CFCE580061C10F /* PBXTargetDependency */ = {
			isa = PBXTargetDependency;
			target = 3911E19D28CFCE510061C10F /* Tipster */;
			targetProxy = 3911E1BF28CFCE580061C10F /* PBXContainerItemProxy */;
		};
/* End PBXTargetDependency section */

/* Begin PBXVariantGroup section */
		3911E1A728CFCE510061C10F /* Main.storyboard */ = {
			isa = PBXVariantGroup;
			children = (
				3911E1A828CFCE510061C10F /* Base */,
			);
			name = Main.storyboard;
			sourceTree = "<group>";
		};
		3911E1AC28CFCE570061C10F /* LaunchScreen.storyboard */ = {
			isa = PBXVariantGroup;
			children = (
				3911E1AD28CFCE570061C10F /* Base */,
			);
			name = LaunchScreen.storyboard;
			sourceTree = "<group>";
		};
/* End PBXVariantGroup section */

/* Begin XCBuildConfiguration section */
		3911E1C628CFCE580061C10F /* Debug */ = {
			isa = XCBuildConfiguration;
			buildSettings = {
				ALWAYS_SEARCH_USER_PATHS = NO;
				CLANG_ANALYZER_NONNULL = YES;
				CLANG_ANALYZER_NUMBER_OBJECT_CONVERSION = YES_AGGRESSIVE;
				CLANG_CXX_LANGUAGE_STANDARD = "gnu++17";
				CLANG_ENABLE_MODULES = YES;
				CLANG_ENABLE_OBJC_ARC = YES;
				CLANG_ENABLE_OBJC_WEAK = YES;
				CLANG_WARN_BLOCK_CAPTURE_AUTORELEASING = YES;
				CLANG_WARN_BOOL_CONVERSION = YES;
				CLANG_WARN_COMMA = YES;
				CLANG_WARN_CONSTANT_CONVERSION = YES;
				CLANG_WARN_DEPRECATED_OBJC_IMPLEMENTATIONS = YES;
				CLANG_WARN_DIRECT_OBJC_ISA_USAGE = YES_ERROR;
				CLANG_WARN_DOCUMENTATION_COMMENTS = YES;
				CLANG_WARN_EMPTY_BODY = YES;
				CLANG_WARN_ENUM_CONVERSION = YES;
				CLANG_WARN_INFINITE_RECURSION = YES;
				CLANG_WARN_INT_CONVERSION = YES;
				CLANG_WARN_NON_LITERAL_NULL_CONVERSION = YES;
				CLANG_WARN_OBJC_IMPLICIT_RETAIN_SELF = YES;
				CLANG_WARN_OBJC_LITERAL_CONVERSION = YES;
				CLANG_WARN_OBJC_ROOT_CLASS = YES_ERROR;
				CLANG_WARN_QUOTED_INCLUDE_IN_FRAMEWORK_HEADER = YES;
				CLANG_WARN_RANGE_LOOP_ANALYSIS = YES;
				CLANG_WARN_STRICT_PROTOTYPES = YES;
				CLANG_WARN_SUSPICIOUS_MOVE = YES;
				CLANG_WARN_UNGUARDED_AVAILABILITY = YES_AGGRESSIVE;
				CLANG_WARN_UNREACHABLE_CODE = YES;
				CLANG_WARN__DUPLICATE_METHOD_MATCH = YES;
				COPY_PHASE_STRIP = NO;
				DEBUG_INFORMATION_FORMAT = dwarf;
				ENABLE_STRICT_OBJC_MSGSEND = YES;
				ENABLE_TESTABILITY = YES;
				GCC_C_LANGUAGE_STANDARD = gnu11;
				GCC_DYNAMIC_NO_PIC = NO;
				GCC_NO_COMMON_BLOCKS = YES;
				GCC_OPTIMIZATION_LEVEL = 0;
				GCC_PREPROCESSOR_DEFINITIONS = (
					"DEBUG=1",
					"$(inherited)",
				);
				GCC_WARN_64_TO_32_BIT_CONVERSION = YES;
				GCC_WARN_ABOUT_RETURN_TYPE = YES_ERROR;
				GCC_WARN_UNDECLARED_SELECTOR = YES;
				GCC_WARN_UNINITIALIZED_AUTOS = YES_AGGRESSIVE;
				GCC_WARN_UNUSED_FUNCTION = YES;
				GCC_WARN_UNUSED_VARIABLE = YES;
				IPHONEOS_DEPLOYMENT_TARGET = 15.5;
				MTL_ENABLE_DEBUG_INFO = INCLUDE_SOURCE;
				MTL_FAST_MATH = YES;
				ONLY_ACTIVE_ARCH = YES;
				SDKROOT = iphoneos;
				SWIFT_ACTIVE_COMPILATION_CONDITIONS = DEBUG;
				SWIFT_OPTIMIZATION_LEVEL = "-Onone";
			};
			name = Debug;
		};
		3911E1C728CFCE580061C10F /* Release */ = {
			isa = XCBuildConfiguration;
			buildSettings = {
				ALWAYS_SEARCH_USER_PATHS = NO;
				CLANG_ANALYZER_NONNULL = YES;
				CLANG_ANALYZER_NUMBER_OBJECT_CONVERSION = YES_AGGRESSIVE;
				CLANG_CXX_LANGUAGE_STANDARD = "gnu++17";
				CLANG_ENABLE_MODULES = YES;
				CLANG_ENABLE_OBJC_ARC = YES;
				CLANG_ENABLE_OBJC_WEAK = YES;
				CLANG_WARN_BLOCK_CAPTURE_AUTORELEASING = YES;
				CLANG_WARN_BOOL_CONVERSION = YES;
				CLANG_WARN_COMMA = YES;
				CLANG_WARN_CONSTANT_CONVERSION = YES;
				CLANG_WARN_DEPRECATED_OBJC_IMPLEMENTATIONS = YES;
				CLANG_WARN_DIRECT_OBJC_ISA_USAGE = YES_ERROR;
				CLANG_WARN_DOCUMENTATION_COMMENTS = YES;
				CLANG_WARN_EMPTY_BODY = YES;
				CLANG_WARN_ENUM_CONVERSION = YES;
				CLANG_WARN_INFINITE_RECURSION = YES;
				CLANG_WARN_INT_CONVERSION = YES;
				CLANG_WARN_NON_LITERAL_NULL_CONVERSION = YES;
				CLANG_WARN_OBJC_IMPLICIT_RETAIN_SELF = YES;
				CLANG_WARN_OBJC_LITERAL_CONVERSION = YES;
				CLANG_WARN_OBJC_ROOT_CLASS = YES_ERROR;
				CLANG_WARN_QUOTED_INCLUDE_IN_FRAMEWORK_HEADER = YES;
				CLANG_WARN_RANGE_LOOP_ANALYSIS = YES;
				CLANG_WARN_STRICT_PROTOTYPES = YES;
				CLANG_WARN_SUSPICIOUS_MOVE = YES;
				CLANG_WARN_UNGUARDED_AVAILABILITY = YES_AGGRESSIVE;
				CLANG_WARN_UNREACHABLE_CODE = YES;
				CLANG_WARN__DUPLICATE_METHOD_MATCH = YES;
				COPY_PHASE_STRIP = NO;
				DEBUG_INFORMATION_FORMAT = "dwarf-with-dsym";
				ENABLE_NS_ASSERTIONS = NO;
				ENABLE_STRICT_OBJC_MSGSEND = YES;
				GCC_C_LANGUAGE_STANDARD = gnu11;
				GCC_NO_COMMON_BLOCKS = YES;
				GCC_WARN_64_TO_32_BIT_CONVERSION = YES;
				GCC_WARN_ABOUT_RETURN_TYPE = YES_ERROR;
				GCC_WARN_UNDECLARED_SELECTOR = YES;
				GCC_WARN_UNINITIALIZED_AUTOS = YES_AGGRESSIVE;
				GCC_WARN_UNUSED_FUNCTION = YES;
				GCC_WARN_UNUSED_VARIABLE = YES;
				IPHONEOS_DEPLOYMENT_TARGET = 15.5;
				MTL_ENABLE_DEBUG_INFO = NO;
				MTL_FAST_MATH = YES;
				SDKROOT = iphoneos;
				SWIFT_COMPILATION_MODE = wholemodule;
				SWIFT_OPTIMIZATION_LEVEL = "-O";
				VALIDATE_PRODUCT = YES;
			};
			name = Release;
		};
		3911E1C928CFCE580061C10F /* Debug */ = {
			isa = XCBuildConfiguration;
			baseConfigurationReference = 4056AF38CA25C2898EC15665 /* Pods-Tipster.debug.xcconfig */;
			buildSettings = {
				ASSETCATALOG_COMPILER_APPICON_NAME = AppIcon;
				ASSETCATALOG_COMPILER_GLOBAL_ACCENT_COLOR_NAME = AccentColor;
				CODE_SIGN_STYLE = Automatic;
				CURRENT_PROJECT_VERSION = 1;
				DEVELOPMENT_TEAM = 5V8V7AAWN6;
				GENERATE_INFOPLIST_FILE = YES;
				INFOPLIST_FILE = Tipster/Info.plist;
				INFOPLIST_KEY_CFBundleDisplayName = Flixster;
				INFOPLIST_KEY_UIApplicationSupportsIndirectInputEvents = YES;
				INFOPLIST_KEY_UILaunchStoryboardName = LaunchScreen;
				INFOPLIST_KEY_UIMainStoryboardFile = Main;
				INFOPLIST_KEY_UISupportedInterfaceOrientations_iPad = "UIInterfaceOrientationPortrait UIInterfaceOrientationPortraitUpsideDown UIInterfaceOrientationLandscapeLeft UIInterfaceOrientationLandscapeRight";
				INFOPLIST_KEY_UISupportedInterfaceOrientations_iPhone = "UIInterfaceOrientationPortrait UIInterfaceOrientationLandscapeLeft UIInterfaceOrientationLandscapeRight";
				LD_RUNPATH_SEARCH_PATHS = (
					"$(inherited)",
					"@executable_path/Frameworks",
				);
				MARKETING_VERSION = 1.0;
				PRODUCT_BUNDLE_IDENTIFIER = com.alyssacabading.Tipster;
				PRODUCT_NAME = "$(TARGET_NAME)";
				SWIFT_EMIT_LOC_STRINGS = YES;
				SWIFT_VERSION = 5.0;
				TARGETED_DEVICE_FAMILY = "1,2";
			};
			name = Debug;
		};
		3911E1CA28CFCE580061C10F /* Release */ = {
			isa = XCBuildConfiguration;
			baseConfigurationReference = 76F10B33420A55A91CD52CB2 /* Pods-Tipster.release.xcconfig */;
			buildSettings = {
				ASSETCATALOG_COMPILER_APPICON_NAME = AppIcon;
				ASSETCATALOG_COMPILER_GLOBAL_ACCENT_COLOR_NAME = AccentColor;
				CODE_SIGN_STYLE = Automatic;
				CURRENT_PROJECT_VERSION = 1;
				DEVELOPMENT_TEAM = 5V8V7AAWN6;
				GENERATE_INFOPLIST_FILE = YES;
				INFOPLIST_FILE = Tipster/Info.plist;
				INFOPLIST_KEY_CFBundleDisplayName = Flixster;
				INFOPLIST_KEY_UIApplicationSupportsIndirectInputEvents = YES;
				INFOPLIST_KEY_UILaunchStoryboardName = LaunchScreen;
				INFOPLIST_KEY_UIMainStoryboardFile = Main;
				INFOPLIST_KEY_UISupportedInterfaceOrientations_iPad = "UIInterfaceOrientationPortrait UIInterfaceOrientationPortraitUpsideDown UIInterfaceOrientationLandscapeLeft UIInterfaceOrientationLandscapeRight";
				INFOPLIST_KEY_UISupportedInterfaceOrientations_iPhone = "UIInterfaceOrientationPortrait UIInterfaceOrientationLandscapeLeft UIInterfaceOrientationLandscapeRight";
				LD_RUNPATH_SEARCH_PATHS = (
					"$(inherited)",
					"@executable_path/Frameworks",
				);
				MARKETING_VERSION = 1.0;
				PRODUCT_BUNDLE_IDENTIFIER = com.alyssacabading.Tipster;
				PRODUCT_NAME = "$(TARGET_NAME)";
				SWIFT_EMIT_LOC_STRINGS = YES;
				SWIFT_VERSION = 5.0;
				TARGETED_DEVICE_FAMILY = "1,2";
			};
			name = Release;
		};
		3911E1CC28CFCE580061C10F /* Debug */ = {
			isa = XCBuildConfiguration;
			baseConfigurationReference = A6FD8521050185AEBEB5EDE8 /* Pods-TipsterTests.debug.xcconfig */;
			buildSettings = {
				ALWAYS_EMBED_SWIFT_STANDARD_LIBRARIES = YES;
				BUNDLE_LOADER = "$(TEST_HOST)";
				CODE_SIGN_STYLE = Automatic;
				CURRENT_PROJECT_VERSION = 1;
				DEVELOPMENT_TEAM = 5V8V7AAWN6;
				GENERATE_INFOPLIST_FILE = YES;
				IPHONEOS_DEPLOYMENT_TARGET = 15.5;
				MARKETING_VERSION = 1.0;
				PRODUCT_BUNDLE_IDENTIFIER = com.alyssacabading.TipsterTests;
				PRODUCT_NAME = "$(TARGET_NAME)";
				SWIFT_EMIT_LOC_STRINGS = NO;
				SWIFT_VERSION = 5.0;
				TARGETED_DEVICE_FAMILY = "1,2";
				TEST_HOST = "$(BUILT_PRODUCTS_DIR)/Tipster.app/Tipster";
			};
			name = Debug;
		};
		3911E1CD28CFCE580061C10F /* Release */ = {
			isa = XCBuildConfiguration;
			baseConfigurationReference = B2779D32C3E4C46DAEC0A28B /* Pods-TipsterTests.release.xcconfig */;
			buildSettings = {
				ALWAYS_EMBED_SWIFT_STANDARD_LIBRARIES = YES;
				BUNDLE_LOADER = "$(TEST_HOST)";
				CODE_SIGN_STYLE = Automatic;
				CURRENT_PROJECT_VERSION = 1;
				DEVELOPMENT_TEAM = 5V8V7AAWN6;
				GENERATE_INFOPLIST_FILE = YES;
				IPHONEOS_DEPLOYMENT_TARGET = 15.5;
				MARKETING_VERSION = 1.0;
				PRODUCT_BUNDLE_IDENTIFIER = com.alyssacabading.TipsterTests;
				PRODUCT_NAME = "$(TARGET_NAME)";
				SWIFT_EMIT_LOC_STRINGS = NO;
				SWIFT_VERSION = 5.0;
				TARGETED_DEVICE_FAMILY = "1,2";
				TEST_HOST = "$(BUILT_PRODUCTS_DIR)/Tipster.app/Tipster";
			};
			name = Release;
		};
		3911E1CF28CFCE580061C10F /* Debug */ = {
			isa = XCBuildConfiguration;
			baseConfigurationReference = 84FED342A4783735254E75DB /* Pods-Tipster-TipsterUITests.debug.xcconfig */;
			buildSettings = {
				ALWAYS_EMBED_SWIFT_STANDARD_LIBRARIES = YES;
				CODE_SIGN_STYLE = Automatic;
				CURRENT_PROJECT_VERSION = 1;
				DEVELOPMENT_TEAM = 5V8V7AAWN6;
				GENERATE_INFOPLIST_FILE = YES;
				MARKETING_VERSION = 1.0;
				PRODUCT_BUNDLE_IDENTIFIER = com.alyssacabading.TipsterUITests;
				PRODUCT_NAME = "$(TARGET_NAME)";
				SWIFT_EMIT_LOC_STRINGS = NO;
				SWIFT_VERSION = 5.0;
				TARGETED_DEVICE_FAMILY = "1,2";
				TEST_TARGET_NAME = Tipster;
			};
			name = Debug;
		};
		3911E1D028CFCE580061C10F /* Release */ = {
			isa = XCBuildConfiguration;
			baseConfigurationReference = C87B52473307CAC35EEB4AFE /* Pods-Tipster-TipsterUITests.release.xcconfig */;
			buildSettings = {
				ALWAYS_EMBED_SWIFT_STANDARD_LIBRARIES = YES;
				CODE_SIGN_STYLE = Automatic;
				CURRENT_PROJECT_VERSION = 1;
				DEVELOPMENT_TEAM = 5V8V7AAWN6;
				GENERATE_INFOPLIST_FILE = YES;
				MARKETING_VERSION = 1.0;
				PRODUCT_BUNDLE_IDENTIFIER = com.alyssacabading.TipsterUITests;
				PRODUCT_NAME = "$(TARGET_NAME)";
				SWIFT_EMIT_LOC_STRINGS = NO;
				SWIFT_VERSION = 5.0;
				TARGETED_DEVICE_FAMILY = "1,2";
				TEST_TARGET_NAME = Tipster;
			};
			name = Release;
		};
/* End XCBuildConfiguration section */

/* Begin XCConfigurationList section */
		3911E19928CFCE510061C10F /* Build configuration list for PBXProject "Tipster" */ = {
			isa = XCConfigurationList;
			buildConfigurations = (
				3911E1C628CFCE580061C10F /* Debug */,
				3911E1C728CFCE580061C10F /* Release */,
			);
			defaultConfigurationIsVisible = 0;
			defaultConfigurationName = Release;
		};
		3911E1C828CFCE580061C10F /* Build configuration list for PBXNativeTarget "Tipster" */ = {
			isa = XCConfigurationList;
			buildConfigurations = (
				3911E1C928CFCE580061C10F /* Debug */,
				3911E1CA28CFCE580061C10F /* Release */,
			);
			defaultConfigurationIsVisible = 0;
			defaultConfigurationName = Release;
		};
		3911E1CB28CFCE580061C10F /* Build configuration list for PBXNativeTarget "TipsterTests" */ = {
			isa = XCConfigurationList;
			buildConfigurations = (
				3911E1CC28CFCE580061C10F /* Debug */,
				3911E1CD28CFCE580061C10F /* Release */,
			);
			defaultConfigurationIsVisible = 0;
			defaultConfigurationName = Release;
		};
		3911E1CE28CFCE580061C10F /* Build configuration list for PBXNativeTarget "TipsterUITests" */ = {
			isa = XCConfigurationList;
			buildConfigurations = (
				3911E1CF28CFCE580061C10F /* Debug */,
				3911E1D028CFCE580061C10F /* Release */,
			);
			defaultConfigurationIsVisible = 0;
			defaultConfigurationName = Release;
		};
/* End XCConfigurationList section */

/* Begin XCRemoteSwiftPackageReference section */
		3949768428CFDD6A0054EC57 /* XCRemoteSwiftPackageReference "AlamofireImage" */ = {
			isa = XCRemoteSwiftPackageReference;
			repositoryURL = "https://github.com/Alamofire/AlamofireImage";
			requirement = {
				branch = master;
				kind = branch;
			};
		};
/* End XCRemoteSwiftPackageReference section */

/* Begin XCSwiftPackageProductDependency section */
		3949768528CFDD6A0054EC57 /* AlamofireImage */ = {
			isa = XCSwiftPackageProductDependency;
			package = 3949768428CFDD6A0054EC57 /* XCRemoteSwiftPackageReference "AlamofireImage" */;
			productName = AlamofireImage;
		};
/* End XCSwiftPackageProductDependency section */
	};
	rootObject = 3911E19628CFCE510061C10F /* Project object */;
}
